// !$*UTF8*$!
{
	archiveVersion = 1;
	classes = {
	};
	objectVersion = 46;
	objects = {

/* Begin PBXBuildFile section */
		A6FAEB481C73105800EB45C4 /* main.m in Sources */ = {isa = PBXBuildFile; fileRef = A6FAEB471C73105800EB45C4 /* main.m */; };
		A6FAEB4B1C73105800EB45C4 /* AppDelegate.m in Sources */ = {isa = PBXBuildFile; fileRef = A6FAEB4A1C73105800EB45C4 /* AppDelegate.m */; };
		A6FAEB4E1C73105800EB45C4 /* ViewController.m in Sources */ = {isa = PBXBuildFile; fileRef = A6FAEB4D1C73105800EB45C4 /* ViewController.m */; };
		A6FAEB511C73105800EB45C4 /* Main.storyboard in Resources */ = {isa = PBXBuildFile; fileRef = A6FAEB4F1C73105800EB45C4 /* Main.storyboard */; };
		A6FAEB531C73105800EB45C4 /* Assets.xcassets in Resources */ = {isa = PBXBuildFile; fileRef = A6FAEB521C73105800EB45C4 /* Assets.xcassets */; };
		A6FAEB561C73105800EB45C4 /* LaunchScreen.storyboard in Resources */ = {isa = PBXBuildFile; fileRef = A6FAEB541C73105800EB45C4 /* LaunchScreen.storyboard */; };
/* End PBXBuildFile section */

/* Begin PBXFileReference section */
		A6FAEB431C73105800EB45C4 /* WDFloatView.app */ = {isa = PBXFileReference; explicitFileType = wrapper.application; includeInIndex = 0; path = WDFloatView.app; sourceTree = BUILT_PRODUCTS_DIR; };
		A6FAEB471C73105800EB45C4 /* main.m */ = {isa = PBXFileReference; lastKnownFileType = sourcecode.c.objc; path = main.m; sourceTree = "<group>"; };
		A6FAEB491C73105800EB45C4 /* AppDelegate.h */ = {isa = PBXFileReference; lastKnownFileType = sourcecode.c.h; path = AppDelegate.h; sourceTree = "<group>"; };
		A6FAEB4A1C73105800EB45C4 /* AppDelegate.m */ = {isa = PBXFileReference; lastKnownFileType = sourcecode.c.objc; path = AppDelegate.m; sourceTree = "<group>"; };
		A6FAEB4C1C73105800EB45C4 /* ViewController.h */ = {isa = PBXFileReference; lastKnownFileType = sourcecode.c.h; path = ViewController.h; sourceTree = "<group>"; };
		A6FAEB4D1C73105800EB45C4 /* ViewController.m */ = {isa = PBXFileReference; lastKnownFileType = sourcecode.c.objc; path = ViewController.m; sourceTree = "<group>"; };
		A6FAEB501C73105800EB45C4 /* Base */ = {isa = PBXFileReference; lastKnownFileType = file.storyboard; name = Base; path = Base.lproj/Main.storyboard; sourceTree = "<group>"; };
		A6FAEB521C73105800EB45C4 /* Assets.xcassets */ = {isa = PBXFileReference; lastKnownFileType = folder.assetcatalog; path = Assets.xcassets; sourceTree = "<group>"; };
		A6FAEB551C73105800EB45C4 /* Base */ = {isa = PBXFileReference; lastKnownFileType = file.storyboard; name = Base; path = Base.lproj/LaunchScreen.storyboard; sourceTree = "<group>"; };
		A6FAEB571C73105800EB45C4 /* Info.plist */ = {isa = PBXFileReference; lastKnownFileType = text.plist.xml; path = Info.plist; sourceTree = "<group>"; };
/* End PBXFileReference section */

/* Begin PBXFrameworksBuildPhase section */
		A6FAEB401C73105800EB45C4 /* Frameworks */ = {
			isa = PBXFrameworksBuildPhase;
			buildActionMask = 2147483647;
			files = (
			);
			runOnlyForDeploymentPostprocessing = 0;
		};
/* End PBXFrameworksBuildPhase section */

/* Begin PBXGroup section */
		A6FAEB3A1C73105800EB45C4 = {
			isa = PBXGroup;
			children = (
				A6FAEB451C73105800EB45C4 /* WDFloatView */,
				A6FAEB441C73105800EB45C4 /* Products */,
			);
			sourceTree = "<group>";
		};
		A6FAEB441C73105800EB45C4 /* Products */ = {
			isa = PBXGroup;
			children = (
				A6FAEB431C73105800EB45C4 /* WDFloatView.app */,
			);
			name = Products;
			sourceTree = "<group>";
		};
		A6FAEB451C73105800EB45C4 /* WDFloatView */ = {
			isa = PBXGroup;
			children = (
				A6FAEB491C73105800EB45C4 /* AppDelegate.h */,
				A6FAEB4A1C73105800EB45C4 /* AppDelegate.m */,
				A6FAEB4C1C73105800EB45C4 /* ViewController.h */,
				A6FAEB4D1C73105800EB45C4 /* ViewController.m */,
				A6FAEB4F1C73105800EB45C4 /* Main.storyboard */,
				A6FAEB521C73105800EB45C4 /* Assets.xcassets */,
				A6FAEB541C73105800EB45C4 /* LaunchScreen.storyboard */,
				A6FAEB571C73105800EB45C4 /* Info.plist */,
				A6FAEB461C73105800EB45C4 /* Supporting Files */,
			);
			path = WDFloatView;
			sourceTree = "<group>";
		};
		A6FAEB461C73105800EB45C4 /* Supporting Files */ = {
			isa = PBXGroup;
			children = (
				A6FAEB471C73105800EB45C4 /* main.m */,
			);
			name = "Supporting Files";
			sourceTree = "<group>";
		};
/* End PBXGroup section */

/* Begin PBXNativeTarget section */
		A6FAEB421C73105800EB45C4 /* WDFloatView */ = {
			isa = PBXNativeTarget;
			buildConfigurationList = A6FAEB5A1C73105800EB45C4 /* Build configuration list for PBXNativeTarget "WDFloatView" */;
			buildPhases = (
				A6FAEB3F1C73105800EB45C4 /* Sources */,
				A6FAEB401C73105800EB45C4 /* Frameworks */,
				A6FAEB411C73105800EB45C4 /* Resources */,
			);
			buildRules = (
			);
			dependencies = (
			);
			name = WDFloatView;
			productName = WDFloatView;
			productReference = A6FAEB431C73105800EB45C4 /* WDFloatView.app */;
			productType = "com.apple.product-type.application";
		};
/* End PBXNativeTarget section */

/* Begin PBXProject section */
		A6FAEB3B1C73105800EB45C4 /* Project object */ = {
			isa = PBXProject;
			attributes = {
				LastUpgradeCheck = 0720;
				ORGANIZATIONNAME = DNT;
				TargetAttributes = {
					A6FAEB421C73105800EB45C4 = {
						CreatedOnToolsVersion = 7.2.1;
					};
				};
			};
			buildConfigurationList = A6FAEB3E1C73105800EB45C4 /* Build configuration list for PBXProject "WDFloatView" */;
			compatibilityVersion = "Xcode 3.2";
			developmentRegion = English;
			hasScannedForEncodings = 0;
			knownRegions = (
				en,
				Base,
			);
			mainGroup = A6FAEB3A1C73105800EB45C4;
			productRefGroup = A6FAEB441C73105800EB45C4 /* Products */;
			projectDirPath = "";
			projectRoot = "";
			targets = (
				A6FAEB421C73105800EB45C4 /* WDFloatView */,
			);
		};
/* End PBXProject section */

/* Begin PBXResourcesBuildPhase section */
		A6FAEB411C73105800EB45C4 /* Resources */ = {
			isa = PBXResourcesBuildPhase;
			buildActionMask = 2147483647;
			files = (
				A6FAEB561C73105800EB45C4 /* LaunchScreen.storyboard in Resources */,
				A6FAEB531C73105800EB45C4 /* Assets.xcassets in Resources */,
				A6FAEB511C73105800EB45C4 /* Main.storyboard in Resources */,
			);
			runOnlyForDeploymentPostprocessing = 0;
		};
/* End PBXResourcesBuildPhase section */

/* Begin PBXSourcesBuildPhase section */
		A6FAEB3F1C73105800EB45C4 /* Sources */ = {
			isa = PBXSourcesBuildPhase;
			buildActionMask = 2147483647;
			files = (
				A6FAEB4E1C73105800EB45C4 /* ViewController.m in Sources */,
				A6FAEB4B1C73105800EB45C4 /* AppDelegate.m in Sources */,
				A6FAEB481C73105800EB45C4 /* main.m in Sources */,
			);
			runOnlyForDeploymentPostprocessing = 0;
		};
/* End PBXSourcesBuildPhase section */

/* Begin PBXVariantGroup section */
		A6FAEB4F1C73105800EB45C4 /* Main.storyboard */ = {
			isa = PBXVariantGroup;
			children = (
				A6FAEB501C73105800EB45C4 /* Base */,
			);
			name = Main.storyboard;
			sourceTree = "<group>";
		};
		A6FAEB541C73105800EB45C4 /* LaunchScreen.storyboard */ = {
			isa = PBXVariantGroup;
			children = (
				A6FAEB551C73105800EB45C4 /* Base */,
			);
			name = LaunchScreen.storyboard;
			sourceTree = "<group>";
		};
/* End PBXVariantGroup section */

/* Begin XCBuildConfiguration section */
		A6FAEB581C73105800EB45C4 /* Debug */ = {
			isa = XCBuildConfiguration;
			buildSettings = {
				ALWAYS_SEARCH_USER_PATHS = NO;
				CLANG_CXX_LANGUAGE_STANDARD = "gnu++0x";
				CLANG_CXX_LIBRARY = "libc++";
				CLANG_ENABLE_MODULES = YES;
				CLANG_ENABLE_OBJC_ARC = YES;
				CLANG_WARN_BOOL_CONVERSION = YES;
				CLANG_WARN_CONSTANT_CONVERSION = YES;
				CLANG_WARN_DIRECT_OBJC_ISA_USAGE = YES_ERROR;
				CLANG_WARN_EMPTY_BODY = YES;
				CLANG_WARN_ENUM_CONVERSION = YES;
				CLANG_WARN_INT_CONVERSION = YES;
				CLANG_WARN_OBJC_ROOT_CLASS = YES_ERROR;
				CLANG_WARN_UNREACHABLE_CODE = YES;
				CLANG_WARN__DUPLICATE_METHOD_MATCH = YES;
				"CODE_SIGN_IDENTITY[sdk=iphoneos*]" = "iPhone Developer";
				COPY_PHASE_STRIP = NO;
				DEBUG_INFORMATION_FORMAT = dwarf;
				ENABLE_STRICT_OBJC_MSGSEND = YES;
				ENABLE_TESTABILITY = YES;
				GCC_C_LANGUAGE_STANDARD = gnu99;
				GCC_DYNAMIC_NO_PIC = NO;
				GCC_NO_COMMON_BLOCKS = YES;
				GCC_OPTIMIZATION_LEVEL = 0;
				GCC_PREPROCESSOR_DEFINITIONS = (
					"DEBUG=1",
					"$(inherited)",
				);
				GCC_WARN_64_TO_32_BIT_CONVERSION = YES;
				GCC_WARN_ABOUT_RETURN_TYPE = YES_ERROR;
				GCC_WARN_UNDECLARED_SELECTOR = YES;
				GCC_WARN_UNINITIALIZED_AUTOS = YES_AGGRESSIVE;
				GCC_WARN_UNUSED_FUNCTION = YES;
				GCC_WARN_UNUSED_VARIABLE = YES;
				IPHONEOS_DEPLOYMENT_TARGET = 9.2;
				MTL_ENABLE_DEBUG_INFO = YES;
				ONLY_ACTIVE_ARCH = YES;
				SDKROOT = iphoneos;
			};
			name = Debug;
		};
		A6FAEB591C73105800EB45C4 /* Release */ = {
			isa = XCBuildConfiguration;
			buildSettings = {
				ALWAYS_SEARCH_USER_PATHS = NO;
				CLANG_CXX_LANGUAGE_STANDARD = "gnu++0x";
				CLANG_CXX_LIBRARY = "libc++";
				CLANG_ENABLE_MODULES = YES;
				CLANG_ENABLE_OBJC_ARC = YES;
				CLANG_WARN_BOOL_CONVERSION = YES;
				CLANG_WARN_CONSTANT_CONVERSION = YES;
				CLANG_WARN_DIRECT_OBJC_ISA_USAGE = YES_ERROR;
				CLANG_WARN_EMPTY_BODY = YES;
				CLANG_WARN_ENUM_CONVERSION = YES;
				CLANG_WARN_INT_CONVERSION = YES;
				CLANG_WARN_OBJC_ROOT_CLASS = YES_ERROR;
				CLANG_WARN_UNREACHABLE_CODE = YES;
				CLANG_WARN__DUPLICATE_METHOD_MATCH = YES;
				"CODE_SIGN_IDENTITY[sdk=iphoneos*]" = "iPhone Developer";
				COPY_PHASE_STRIP = NO;
				DEBUG_INFORMATION_FORMAT = "dwarf-with-dsym";
				ENABLE_NS_ASSERTIONS = NO;
				ENABLE_STRICT_OBJC_MSGSEND = YES;
				GCC_C_LANGUAGE_STANDARD = gnu99;
				GCC_NO_COMMON_BLOCKS = YES;
				GCC_WARN_64_TO_32_BIT_CONVERSION = YES;
				GCC_WARN_ABOUT_RETURN_TYPE = YES_ERROR;
				GCC_WARN_UNDECLARED_SELECTOR = YES;
				GCC_WARN_UNINITIALIZED_AUTOS = YES_AGGRESSIVE;
				GCC_WARN_UNUSED_FUNCTION = YES;
				GCC_WARN_UNUSED_VARIABLE = YES;
				IPHONEOS_DEPLOYMENT_TARGET = 9.2;
				MTL_ENABLE_DEBUG_INFO = NO;
				SDKROOT = iphoneos;
				VALIDATE_PRODUCT = YES;
			};
			name = Release;
		};
		A6FAEB5B1C73105800EB45C4 /* Debug */ = {
			isa = XCBuildConfiguration;
			buildSettings = {
				ASSETCATALOG_COMPILER_APPICON_NAME = AppIcon;
				INFOPLIST_FILE = WDFloatView/Info.plist;
				LD_RUNPATH_SEARCH_PATHS = "$(inherited) @executable_path/Frameworks";
				PRODUCT_BUNDLE_IDENTIFIER = com.davidandty.WDFloatView;
				PRODUCT_NAME = "$(TARGET_NAME)";
			};
			name = Debug;
		};
		A6FAEB5C1C73105800EB45C4 /* Release */ = {
			isa = XCBuildConfiguration;
			buildSettings = {
				ASSETCATALOG_COMPILER_APPICON_NAME = AppIcon;
				INFOPLIST_FILE = WDFloatView/Info.plist;
				LD_RUNPATH_SEARCH_PATHS = "$(inherited) @executable_path/Frameworks";
				PRODUCT_BUNDLE_IDENTIFIER = com.davidandty.WDFloatView;
				PRODUCT_NAME = "$(TARGET_NAME)";
			};
			name = Release;
		};
/* End XCBuildConfiguration section */

/* Begin XCConfigurationList section */
		A6FAEB3E1C73105800EB45C4 /* Build configuration list for PBXProject "WDFloatView" */ = {
			isa = XCConfigurationList;
			buildConfigurations = (
				A6FAEB581C73105800EB45C4 /* Debug */,
				A6FAEB591C73105800EB45C4 /* Release */,
			);
			defaultConfigurationIsVisible = 0;
			defaultConfigurationName = Release;
		};
		A6FAEB5A1C73105800EB45C4 /* Build configuration list for PBXNativeTarget "WDFloatView" */ = {
			isa = XCConfigurationList;
			buildConfigurations = (
				A6FAEB5B1C73105800EB45C4 /* Debug */,
				A6FAEB5C1C73105800EB45C4 /* Release */,
			);
			defaultConfigurationIsVisible = 0;
		};
/* End XCConfigurationList section */
	};
	rootObject = A6FAEB3B1C73105800EB45C4 /* Project object */;
}
